
Microsoft Visual Studio Solution File, Format Version 12.00
# Visual Studio 2012
Project("{FAE04EC0-301F-11D3-BF4B-00C04F79EFBC}") = "BookStore", "BookStore\BookStore.csproj", "{37566B9C-A26C-4FB3-9EA0-59FACCBA9865}"
EndProject
Project("{FAE04EC0-301F-11D3-BF4B-00C04F79EFBC}") = "Edument.CQRS", "Edument.CQRS\Edument.CQRS.csproj", "{D2BAB57D-225D-4F4C-9410-ED39495A8FE0}"
EndProject
Project("{FAE04EC0-301F-11D3-BF4B-00C04F79EFBC}") = "BookStoreEvent", "BookStoreEvent\BookStoreEvent.csproj", "{8B744EFF-3667-45FC-B8BF-470E505AFF3F}"
EndProject
Project("{FAE04EC0-301F-11D3-BF4B-00C04F79EFBC}") = "BookStoreTest", "BookStoreTest\BookStoreTest.csproj", "{11A93EE5-DD32-43BA-826A-4AA3ED340640}"
EndProject
Project("{FAE04EC0-301F-11D3-BF4B-00C04F79EFBC}") = "BookStoreReadModels", "BookStoreReadModels\BookStoreReadModels.csproj", "{2F63EAEA-C329-4924-98D5-94D5958325B5}"
EndProject
Project("{FAE04EC0-301F-11D3-BF4B-00C04F79EFBC}") = "BookStoreWeb", "BookStoreWeb\BookStoreWeb.csproj", "{5739632D-57EF-4A2A-A2E8-5C1E02137A0B}"
EndProject
Project("{FAE04EC0-301F-11D3-BF4B-00C04F79EFBC}") = "BookStoreAPI", "BookStoreAPI\BookStoreAPI.csproj", "{18DD48C7-A3C6-4AA0-8372-BC480D7835EC}"
EndProject
Global
	GlobalSection(SolutionConfigurationPlatforms) = preSolution
		Debug|Any CPU = Debug|Any CPU
		Release|Any CPU = Release|Any CPU
	EndGlobalSection
	GlobalSection(ProjectConfigurationPlatforms) = postSolution
		{37566B9C-A26C-4FB3-9EA0-59FACCBA9865}.Debug|Any CPU.ActiveCfg = Debug|Any CPU
		{37566B9C-A26C-4FB3-9EA0-59FACCBA9865}.Debug|Any CPU.Build.0 = Debug|Any CPU
		{37566B9C-A26C-4FB3-9EA0-59FACCBA9865}.Release|Any CPU.ActiveCfg = Release|Any CPU
		{37566B9C-A26C-4FB3-9EA0-59FACCBA9865}.Release|Any CPU.Build.0 = Release|Any CPU
		{D2BAB57D-225D-4F4C-9410-ED39495A8FE0}.Debug|Any CPU.ActiveCfg = Debug|Any CPU
		{D2BAB57D-225D-4F4C-9410-ED39495A8FE0}.Debug|Any CPU.Build.0 = Debug|Any CPU
		{D2BAB57D-225D-4F4C-9410-ED39495A8FE0}.Release|Any CPU.ActiveCfg = Release|Any CPU
		{D2BAB57D-225D-4F4C-9410-ED39495A8FE0}.Release|Any CPU.Build.0 = Release|Any CPU
		{8B744EFF-3667-45FC-B8BF-470E505AFF3F}.Debug|Any CPU.ActiveCfg = Debug|Any CPU
		{8B744EFF-3667-45FC-B8BF-470E505AFF3F}.Debug|Any CPU.Build.0 = Debug|Any CPU
		{8B744EFF-3667-45FC-B8BF-470E505AFF3F}.Release|Any CPU.ActiveCfg = Release|Any CPU
		{8B744EFF-3667-45FC-B8BF-470E505AFF3F}.Release|Any CPU.Build.0 = Release|Any CPU
		{11A93EE5-DD32-43BA-826A-4AA3ED340640}.Debug|Any CPU.ActiveCfg = Debug|Any CPU
		{11A93EE5-DD32-43BA-826A-4AA3ED340640}.Debug|Any CPU.Build.0 = Debug|Any CPU
		{11A93EE5-DD32-43BA-826A-4AA3ED340640}.Release|Any CPU.ActiveCfg = Release|Any CPU
		{11A93EE5-DD32-43BA-826A-4AA3ED340640}.Release|Any CPU.Build.0 = Release|Any CPU
		{2F63EAEA-C329-4924-98D5-94D5958325B5}.Debug|Any CPU.ActiveCfg = Debug|Any CPU
		{2F63EAEA-C329-4924-98D5-94D5958325B5}.Debug|Any CPU.Build.0 = Debug|Any CPU
		{2F63EAEA-C329-4924-98D5-94D5958325B5}.Release|Any CPU.ActiveCfg = Release|Any CPU
		{2F63EAEA-C329-4924-98D5-94D5958325B5}.Release|Any CPU.Build.0 = Release|Any CPU
		{5739632D-57EF-4A2A-A2E8-5C1E02137A0B}.Debug|Any CPU.ActiveCfg = Debug|Any CPU
		{5739632D-57EF-4A2A-A2E8-5C1E02137A0B}.Debug|Any CPU.Build.0 = Debug|Any CPU
		{5739632D-57EF-4A2A-A2E8-5C1E02137A0B}.Release|Any CPU.ActiveCfg = Release|Any CPU
		{5739632D-57EF-4A2A-A2E8-5C1E02137A0B}.Release|Any CPU.Build.0 = Release|Any CPU
		{18DD48C7-A3C6-4AA0-8372-BC480D7835EC}.Debug|Any CPU.ActiveCfg = Debug|Any CPU
		{18DD48C7-A3C6-4AA0-8372-BC480D7835EC}.Debug|Any CPU.Build.0 = Debug|Any CPU
		{18DD48C7-A3C6-4AA0-8372-BC480D7835EC}.Release|Any CPU.ActiveCfg = Release|Any CPU
		{18DD48C7-A3C6-4AA0-8372-BC480D7835EC}.Release|Any CPU.Build.0 = Release|Any CPU
	EndGlobalSection
	GlobalSection(SolutionProperties) = preSolution
		HideSolutionNode = FALSE
	EndGlobalSection
EndGlobal
